
Microsoft Visual Studio Solution File, Format Version 12.00
# Visual Studio 15
VisualStudioVersion = 15.0.27428.2037
MinimumVisualStudioVersion = 10.0.40219.1
Project("{FAE04EC0-301F-11D3-BF4B-00C04F79EFBC}") = "Magic_Square", "Magic_Square\Magic_Square.csproj", "{8CA290C8-E758-4E60-AE74-F4160DA2ECD7}"
EndProject
Global
	GlobalSection(SolutionConfigurationPlatforms) = preSolution
		Debug|Any CPU = Debug|Any CPU
		Release|Any CPU = Release|Any CPU
	EndGlobalSection
	GlobalSection(ProjectConfigurationPlatforms) = postSolution
		{8CA290C8-E758-4E60-AE74-F4160DA2ECD7}.Debug|Any CPU.ActiveCfg = Debug|Any CPU
		{8CA290C8-E758-4E60-AE74-F4160DA2ECD7}.Debug|Any CPU.Build.0 = Debug|Any CPU
		{8CA290C8-E758-4E60-AE74-F4160DA2ECD7}.Release|Any CPU.ActiveCfg = Release|Any CPU
		{8CA290C8-E758-4E60-AE74-F4160DA2ECD7}.Release|Any CPU.Build.0 = Release|Any CPU
	EndGlobalSection
	GlobalSection(SolutionProperties) = preSolution
		HideSolutionNode = FALSE
	EndGlobalSection
	GlobalSection(ExtensibilityGlobals) = postSolution
		SolutionGuid = {4A950AEE-B4DC-42F5-92D7-D3AF2F1178AC}
	EndGlobalSection
EndGlobal
